
Microsoft Visual Studio Solution File, Format Version 12.00
# Visual Studio Version 17
VisualStudioVersion = 17.14.37710.0 d17.14
MinimumVisualStudioVersion = 10.0.40219.1
Project("{FAE04EC0-301F-11D3-BF4B-00C04F79EFBC}") = "Test Score Average", "Test Score Average\Test Score Average.csproj", "{1F11F212-3B66-452B-A6E9-A040DBD7DD56}"
EndProject
Global
	GlobalSection(SolutionConfigurationPlatforms) = preSolution
		Debug|Any CPU = Debug|Any CPU
		Release|Any CPU = Release|Any CPU
	EndGlobalSection
	GlobalSection(ProjectConfigurationPlatforms) = postSolution
		{1F11F212-3B66-452B-A6E9-A040DBD7DD56}.Debug|Any CPU.ActiveCfg = Debug|Any CPU
		{1F11F212-3B66-452B-A6E9-A040DBD7DD56}.Debug|Any CPU.Build.0 = Debug|Any CPU
		{1F11F212-3B66-452B-A6E9-A040DBD7DD56}.Release|Any CPU.ActiveCfg = Release|Any CPU
		{1F11F212-3B66-452B-A6E9-A040DBD7DD56}.Release|Any CPU.Build.0 = Release|Any CPU
	EndGlobalSection
	GlobalSection(SolutionProperties) = preSolution
		HideSolutionNode = FALSE
	EndGlobalSection
	GlobalSection(ExtensibilityGlobals) = postSolution
		SolutionGuid = {D886E913-9506-4397-877D-0B4F1C4C6E45}
	EndGlobalSection
EndGlobal
